
Microsoft Visual Studio Solution File, Format Version 12.00
# Visual Studio Version 16
VisualStudioVersion = 16.0.32929.386
MinimumVisualStudioVersion = 10.0.40219.1
Project("{9A19103F-16F7-4668-BE54-9A1E7A4F7556}") = "BaiTap1", "BaiTap1\BaiTap1.csproj", "{9972F496-08C6-4C8C-A35E-24A1BED1CE1B}"
EndProject
Project("{FAE04EC0-301F-11D3-BF4B-00C04F79EFBC}") = "BaiTap2", "BaiTap2\BaiTap2.csproj", "{37D2DDF9-7A59-412C-B62A-47ACCC2E7034}"
EndProject
Global
	GlobalSection(SolutionConfigurationPlatforms) = preSolution
		Debug|Any CPU = Debug|Any CPU
		Release|Any CPU = Release|Any CPU
	EndGlobalSection
	GlobalSection(ProjectConfigurationPlatforms) = postSolution
		{9972F496-08C6-4C8C-A35E-24A1BED1CE1B}.Debug|Any CPU.ActiveCfg = Debug|Any CPU
		{9972F496-08C6-4C8C-A35E-24A1BED1CE1B}.Debug|Any CPU.Build.0 = Debug|Any CPU
		{9972F496-08C6-4C8C-A35E-24A1BED1CE1B}.Release|Any CPU.ActiveCfg = Release|Any CPU
		{9972F496-08C6-4C8C-A35E-24A1BED1CE1B}.Release|Any CPU.Build.0 = Release|Any CPU
		{37D2DDF9-7A59-412C-B62A-47ACCC2E7034}.Debug|Any CPU.ActiveCfg = Debug|Any CPU
		{37D2DDF9-7A59-412C-B62A-47ACCC2E7034}.Debug|Any CPU.Build.0 = Debug|Any CPU
		{37D2DDF9-7A59-412C-B62A-47ACCC2E7034}.Release|Any CPU.ActiveCfg = Release|Any CPU
		{37D2DDF9-7A59-412C-B62A-47ACCC2E7034}.Release|Any CPU.Build.0 = Release|Any CPU
	EndGlobalSection
	GlobalSection(SolutionProperties) = preSolution
		HideSolutionNode = FALSE
	EndGlobalSection
	GlobalSection(ExtensibilityGlobals) = postSolution
		SolutionGuid = {AE92D51D-3A78-4D76-B02D-D2A2CF2F689E}
	EndGlobalSection
EndGlobal
